
Microsoft Visual Studio Solution File, Format Version 12.00
# Visual Studio 15
VisualStudioVersion = 15.0.27130.2010
MinimumVisualStudioVersion = 10.0.40219.1
Project("{FAE04EC0-301F-11D3-BF4B-00C04F79EFBC}") = "Msftworldconsoleappdevops", "Msftworldconsoleappdevops\Msftworldconsoleappdevops.csproj", "{F4A8F4D9-FD1B-4973-B3B2-4CD540268BC6}"
EndProject
Global
	GlobalSection(SolutionConfigurationPlatforms) = preSolution
		Debug|Any CPU = Debug|Any CPU
		Release|Any CPU = Release|Any CPU
	EndGlobalSection
	GlobalSection(ProjectConfigurationPlatforms) = postSolution
		{F4A8F4D9-FD1B-4973-B3B2-4CD540268BC6}.Debug|Any CPU.ActiveCfg = Debug|Any CPU
		{F4A8F4D9-FD1B-4973-B3B2-4CD540268BC6}.Debug|Any CPU.Build.0 = Debug|Any CPU
		{F4A8F4D9-FD1B-4973-B3B2-4CD540268BC6}.Release|Any CPU.ActiveCfg = Release|Any CPU
		{F4A8F4D9-FD1B-4973-B3B2-4CD540268BC6}.Release|Any CPU.Build.0 = Release|Any CPU
	EndGlobalSection
	GlobalSection(SolutionProperties) = preSolution
		HideSolutionNode = FALSE
	EndGlobalSection
	GlobalSection(ExtensibilityGlobals) = postSolution
		SolutionGuid = {4D7C9BE7-0018-4844-91C0-42E4C6EC1B80}
	EndGlobalSection
EndGlobal
